// !$*UTF8*$!
{
	archiveVersion = 1;
	classes = {
	};
	objectVersion = 48;
	objects = {

/* Begin PBXBuildFile section */
		1D275D201FFF887400B119E3 /* DataHelpers.swift in Sources */ = {isa = PBXBuildFile; fileRef = 1D275D1F1FFF887400B119E3 /* DataHelpers.swift */; };
		1D41EC97200012A6000D72C0 /* GestureHelper.swift in Sources */ = {isa = PBXBuildFile; fileRef = 1D41EC96200012A6000D72C0 /* GestureHelper.swift */; };
		1DE038F11FDD4D83003A2FF7 /* AppDelegate.swift in Sources */ = {isa = PBXBuildFile; fileRef = 1DE038F01FDD4D83003A2FF7 /* AppDelegate.swift */; };
		1DE038F31FDD4D83003A2FF7 /* animations.scnassets in Resources */ = {isa = PBXBuildFile; fileRef = 1DE038F21FDD4D83003A2FF7 /* animations.scnassets */; };
		1DE038F51FDD4D83003A2FF7 /* ViewController.swift in Sources */ = {isa = PBXBuildFile; fileRef = 1DE038F41FDD4D83003A2FF7 /* ViewController.swift */; };
		1DE038F81FDD4D83003A2FF7 /* Main.storyboard in Resources */ = {isa = PBXBuildFile; fileRef = 1DE038F61FDD4D83003A2FF7 /* Main.storyboard */; };
		1DE038FA1FDD4D83003A2FF7 /* Assets.xcassets in Resources */ = {isa = PBXBuildFile; fileRef = 1DE038F91FDD4D83003A2FF7 /* Assets.xcassets */; };
		1DE038FD1FDD4D83003A2FF7 /* LaunchScreen.storyboard in Resources */ = {isa = PBXBuildFile; fileRef = 1DE038FB1FDD4D83003A2FF7 /* LaunchScreen.storyboard */; };
/* End PBXBuildFile section */

/* Begin PBXFileReference section */
		1D275D1F1FFF887400B119E3 /* DataHelpers.swift */ = {isa = PBXFileReference; lastKnownFileType = sourcecode.swift; path = DataHelpers.swift; sourceTree = "<group>"; };
		1D41EC96200012A6000D72C0 /* GestureHelper.swift */ = {isa = PBXFileReference; lastKnownFileType = sourcecode.swift; path = GestureHelper.swift; sourceTree = "<group>"; };
		1DE038ED1FDD4D83003A2FF7 /* ARStormtrooper.app */ = {isa = PBXFileReference; explicitFileType = wrapper.application; includeInIndex = 0; path = ARStormtrooper.app; sourceTree = BUILT_PRODUCTS_DIR; };
		1DE038F01FDD4D83003A2FF7 /* AppDelegate.swift */ = {isa = PBXFileReference; lastKnownFileType = sourcecode.swift; path = AppDelegate.swift; sourceTree = "<group>"; };
		1DE038F21FDD4D83003A2FF7 /* animations.scnassets */ = {isa = PBXFileReference; lastKnownFileType = wrapper.scnassets; path = animations.scnassets; sourceTree = "<group>"; };
		1DE038F41FDD4D83003A2FF7 /* ViewController.swift */ = {isa = PBXFileReference; lastKnownFileType = sourcecode.swift; path = ViewController.swift; sourceTree = "<group>"; };
		1DE038F71FDD4D83003A2FF7 /* Base */ = {isa = PBXFileReference; lastKnownFileType = file.storyboard; name = Base; path = Base.lproj/Main.storyboard; sourceTree = "<group>"; };
		1DE038F91FDD4D83003A2FF7 /* Assets.xcassets */ = {isa = PBXFileReference; lastKnownFileType = folder.assetcatalog; path = Assets.xcassets; sourceTree = "<group>"; };
		1DE038FC1FDD4D83003A2FF7 /* Base */ = {isa = PBXFileReference; lastKnownFileType = file.storyboard; name = Base; path = Base.lproj/LaunchScreen.storyboard; sourceTree = "<group>"; };
		1DE038FE1FDD4D83003A2FF7 /* Info.plist */ = {isa = PBXFileReference; lastKnownFileType = text.plist.xml; path = Info.plist; sourceTree = "<group>"; };
/* End PBXFileReference section */

/* Begin PBXFrameworksBuildPhase section */
		1DE038EA1FDD4D83003A2FF7 /* Frameworks */ = {
			isa = PBXFrameworksBuildPhase;
			buildActionMask = 2147483647;
			files = (
			);
			runOnlyForDeploymentPostprocessing = 0;
		};
/* End PBXFrameworksBuildPhase section */

/* Begin PBXGroup section */
		1D275D211FFF888400B119E3 /* Swift Files */ = {
			isa = PBXGroup;
			children = (
				1DE038F01FDD4D83003A2FF7 /* AppDelegate.swift */,
				1D275D1F1FFF887400B119E3 /* DataHelpers.swift */,
				1DE038F41FDD4D83003A2FF7 /* ViewController.swift */,
				1D41EC96200012A6000D72C0 /* GestureHelper.swift */,
			);
			path = "Swift Files";
			sourceTree = "<group>";
		};
		1D275D221FFF888F00B119E3 /* Assets */ = {
			isa = PBXGroup;
			children = (
				1DE038F21FDD4D83003A2FF7 /* animations.scnassets */,
				1DE038F91FDD4D83003A2FF7 /* Assets.xcassets */,
			);
			path = Assets;
			sourceTree = "<group>";
		};
		1DE038E41FDD4D83003A2FF7 = {
			isa = PBXGroup;
			children = (
				1DE038EF1FDD4D83003A2FF7 /* ARStormTrooper */,
				1DE038EE1FDD4D83003A2FF7 /* Products */,
			);
			sourceTree = "<group>";
		};
		1DE038EE1FDD4D83003A2FF7 /* Products */ = {
			isa = PBXGroup;
			children = (
				1DE038ED1FDD4D83003A2FF7 /* ARStormtrooper.app */,
			);
			name = Products;
			sourceTree = "<group>";
		};
		1DE038EF1FDD4D83003A2FF7 /* ARStormTrooper */ = {
			isa = PBXGroup;
			children = (
				1D275D221FFF888F00B119E3 /* Assets */,
				1D275D211FFF888400B119E3 /* Swift Files */,
				1DE038F61FDD4D83003A2FF7 /* Main.storyboard */,
				1DE038FB1FDD4D83003A2FF7 /* LaunchScreen.storyboard */,
				1DE038FE1FDD4D83003A2FF7 /* Info.plist */,
			);
			path = ARStormTrooper;
			sourceTree = "<group>";
		};
/* End PBXGroup section */

/* Begin PBXNativeTarget section */
		1DE038EC1FDD4D83003A2FF7 /* ARtrooper */ = {
			isa = PBXNativeTarget;
			buildConfigurationList = 1DE039011FDD4D83003A2FF7 /* Build configuration list for PBXNativeTarget "ARtrooper" */;
			buildPhases = (
				1DE038E91FDD4D83003A2FF7 /* Sources */,
				1DE038EA1FDD4D83003A2FF7 /* Frameworks */,
				1DE038EB1FDD4D83003A2FF7 /* Resources */,
			);
			buildRules = (
			);
			dependencies = (
			);
			name = ARtrooper;
			productName = 3DNaruto;
			productReference = 1DE038ED1FDD4D83003A2FF7 /* ARStormtrooper.app */;
			productType = "com.apple.product-type.application";
		};
/* End PBXNativeTarget section */

/* Begin PBXProject section */
		1DE038E51FDD4D83003A2FF7 /* Project object */ = {
			isa = PBXProject;
			attributes = {
				LastSwiftUpdateCheck = 0920;
				LastUpgradeCheck = 0920;
				ORGANIZATIONNAME = "Baptiste Leguey";
				TargetAttributes = {
					1DE038EC1FDD4D83003A2FF7 = {
						CreatedOnToolsVersion = 9.2;
						ProvisioningStyle = Automatic;
					};
				};
			};
			buildConfigurationList = 1DE038E81FDD4D83003A2FF7 /* Build configuration list for PBXProject "ARtrooper" */;
			compatibilityVersion = "Xcode 8.0";
			developmentRegion = en;
			hasScannedForEncodings = 0;
			knownRegions = (
				en,
				Base,
			);
			mainGroup = 1DE038E41FDD4D83003A2FF7;
			productRefGroup = 1DE038EE1FDD4D83003A2FF7 /* Products */;
			projectDirPath = "";
			projectRoot = "";
			targets = (
				1DE038EC1FDD4D83003A2FF7 /* ARtrooper */,
			);
		};
/* End PBXProject section */

/* Begin PBXResourcesBuildPhase section */
		1DE038EB1FDD4D83003A2FF7 /* Resources */ = {
			isa = PBXResourcesBuildPhase;
			buildActionMask = 2147483647;
			files = (
				1DE038F31FDD4D83003A2FF7 /* animations.scnassets in Resources */,
				1DE038FD1FDD4D83003A2FF7 /* LaunchScreen.storyboard in Resources */,
				1DE038FA1FDD4D83003A2FF7 /* Assets.xcassets in Resources */,
				1DE038F81FDD4D83003A2FF7 /* Main.storyboard in Resources */,
			);
			runOnlyForDeploymentPostprocessing = 0;
		};
/* End PBXResourcesBuildPhase section */

/* Begin PBXSourcesBuildPhase section */
		1DE038E91FDD4D83003A2FF7 /* Sources */ = {
			isa = PBXSourcesBuildPhase;
			buildActionMask = 2147483647;
			files = (
				1DE038F51FDD4D83003A2FF7 /* ViewController.swift in Sources */,
				1D41EC97200012A6000D72C0 /* GestureHelper.swift in Sources */,
				1D275D201FFF887400B119E3 /* DataHelpers.swift in Sources */,
				1DE038F11FDD4D83003A2FF7 /* AppDelegate.swift in Sources */,
			);
			runOnlyForDeploymentPostprocessing = 0;
		};
/* End PBXSourcesBuildPhase section */

/* Begin PBXVariantGroup section */
		1DE038F61FDD4D83003A2FF7 /* Main.storyboard */ = {
			isa = PBXVariantGroup;
			children = (
				1DE038F71FDD4D83003A2FF7 /* Base */,
			);
			name = Main.storyboard;
			sourceTree = "<group>";
		};
		1DE038FB1FDD4D83003A2FF7 /* LaunchScreen.storyboard */ = {
			isa = PBXVariantGroup;
			children = (
				1DE038FC1FDD4D83003A2FF7 /* Base */,
			);
			name = LaunchScreen.storyboard;
			sourceTree = "<group>";
		};
/* End PBXVariantGroup section */

/* Begin XCBuildConfiguration section */
		1DE038FF1FDD4D83003A2FF7 /* Debug */ = {
			isa = XCBuildConfiguration;
			buildSettings = {
				ALWAYS_SEARCH_USER_PATHS = NO;
				CLANG_ANALYZER_NONNULL = YES;
				CLANG_ANALYZER_NUMBER_OBJECT_CONVERSION = YES_AGGRESSIVE;
				CLANG_CXX_LANGUAGE_STANDARD = "gnu++14";
				CLANG_CXX_LIBRARY = "libc++";
				CLANG_ENABLE_MODULES = YES;
				CLANG_ENABLE_OBJC_ARC = YES;
				CLANG_WARN_BLOCK_CAPTURE_AUTORELEASING = YES;
				CLANG_WARN_BOOL_CONVERSION = YES;
				CLANG_WARN_COMMA = YES;
				CLANG_WARN_CONSTANT_CONVERSION = YES;
				CLANG_WARN_DIRECT_OBJC_ISA_USAGE = YES_ERROR;
				CLANG_WARN_DOCUMENTATION_COMMENTS = YES;
				CLANG_WARN_EMPTY_BODY = YES;
				CLANG_WARN_ENUM_CONVERSION = YES;
				CLANG_WARN_INFINITE_RECURSION = YES;
				CLANG_WARN_INT_CONVERSION = YES;
				CLANG_WARN_NON_LITERAL_NULL_CONVERSION = YES;
				CLANG_WARN_OBJC_LITERAL_CONVERSION = YES;
				CLANG_WARN_OBJC_ROOT_CLASS = YES_ERROR;
				CLANG_WARN_RANGE_LOOP_ANALYSIS = YES;
				CLANG_WARN_STRICT_PROTOTYPES = YES;
				CLANG_WARN_SUSPICIOUS_MOVE = YES;
				CLANG_WARN_UNGUARDED_AVAILABILITY = YES_AGGRESSIVE;
				CLANG_WARN_UNREACHABLE_CODE = YES;
				CLANG_WARN__DUPLICATE_METHOD_MATCH = YES;
				CODE_SIGN_IDENTITY = "iPhone Developer";
				COPY_PHASE_STRIP = NO;
				DEBUG_INFORMATION_FORMAT = dwarf;
				ENABLE_STRICT_OBJC_MSGSEND = YES;
				ENABLE_TESTABILITY = YES;
				GCC_C_LANGUAGE_STANDARD = gnu11;
				GCC_DYNAMIC_NO_PIC = NO;
				GCC_NO_COMMON_BLOCKS = YES;
				GCC_OPTIMIZATION_LEVEL = 0;
				GCC_PREPROCESSOR_DEFINITIONS = (
					"DEBUG=1",
					"$(inherited)",
				);
				GCC_WARN_64_TO_32_BIT_CONVERSION = YES;
				GCC_WARN_ABOUT_RETURN_TYPE = YES_ERROR;
				GCC_WARN_UNDECLARED_SELECTOR = YES;
				GCC_WARN_UNINITIALIZED_AUTOS = YES_AGGRESSIVE;
				GCC_WARN_UNUSED_FUNCTION = YES;
				GCC_WARN_UNUSED_VARIABLE = YES;
				IPHONEOS_DEPLOYMENT_TARGET = 11.2;
				MTL_ENABLE_DEBUG_INFO = YES;
				ONLY_ACTIVE_ARCH = YES;
				SDKROOT = iphoneos;
				SWIFT_ACTIVE_COMPILATION_CONDITIONS = DEBUG;
				SWIFT_OPTIMIZATION_LEVEL = "-Onone";
			};
			name = Debug;
		};
		1DE039001FDD4D83003A2FF7 /* Release */ = {
			isa = XCBuildConfiguration;
			buildSettings = {
				ALWAYS_SEARCH_USER_PATHS = NO;
				CLANG_ANALYZER_NONNULL = YES;
				CLANG_ANALYZER_NUMBER_OBJECT_CONVERSION = YES_AGGRESSIVE;
				CLANG_CXX_LANGUAGE_STANDARD = "gnu++14";
				CLANG_CXX_LIBRARY = "libc++";
				CLANG_ENABLE_MODULES = YES;
				CLANG_ENABLE_OBJC_ARC = YES;
				CLANG_WARN_BLOCK_CAPTURE_AUTORELEASING = YES;
				CLANG_WARN_BOOL_CONVERSION = YES;
				CLANG_WARN_COMMA = YES;
				CLANG_WARN_CONSTANT_CONVERSION = YES;
				CLANG_WARN_DIRECT_OBJC_ISA_USAGE = YES_ERROR;
				CLANG_WARN_DOCUMENTATION_COMMENTS = YES;
				CLANG_WARN_EMPTY_BODY = YES;
				CLANG_WARN_ENUM_CONVERSION = YES;
				CLANG_WARN_INFINITE_RECURSION = YES;
				CLANG_WARN_INT_CONVERSION = YES;
				CLANG_WARN_NON_LITERAL_NULL_CONVERSION = YES;
				CLANG_WARN_OBJC_LITERAL_CONVERSION = YES;
				CLANG_WARN_OBJC_ROOT_CLASS = YES_ERROR;
				CLANG_WARN_RANGE_LOOP_ANALYSIS = YES;
				CLANG_WARN_STRICT_PROTOTYPES = YES;
				CLANG_WARN_SUSPICIOUS_MOVE = YES;
				CLANG_WARN_UNGUARDED_AVAILABILITY = YES_AGGRESSIVE;
				CLANG_WARN_UNREACHABLE_CODE = YES;
				CLANG_WARN__DUPLICATE_METHOD_MATCH = YES;
				CODE_SIGN_IDENTITY = "iPhone Developer";
				COPY_PHASE_STRIP = NO;
				DEBUG_INFORMATION_FORMAT = "dwarf-with-dsym";
				ENABLE_NS_ASSERTIONS = NO;
				ENABLE_STRICT_OBJC_MSGSEND = YES;
				GCC_C_LANGUAGE_STANDARD = gnu11;
				GCC_NO_COMMON_BLOCKS = YES;
				GCC_WARN_64_TO_32_BIT_CONVERSION = YES;
				GCC_WARN_ABOUT_RETURN_TYPE = YES_ERROR;
				GCC_WARN_UNDECLARED_SELECTOR = YES;
				GCC_WARN_UNINITIALIZED_AUTOS = YES_AGGRESSIVE;
				GCC_WARN_UNUSED_FUNCTION = YES;
				GCC_WARN_UNUSED_VARIABLE = YES;
				IPHONEOS_DEPLOYMENT_TARGET = 11.2;
				MTL_ENABLE_DEBUG_INFO = NO;
				SDKROOT = iphoneos;
				SWIFT_OPTIMIZATION_LEVEL = "-Owholemodule";
				VALIDATE_PRODUCT = YES;
			};
			name = Release;
		};
		1DE039021FDD4D83003A2FF7 /* Debug */ = {
			isa = XCBuildConfiguration;
			buildSettings = {
				ASSETCATALOG_COMPILER_APPICON_NAME = AppIcon;
				"CODE_SIGN_IDENTITY[sdk=iphoneos*]" = "iPhone Developer";
				CODE_SIGN_STYLE = Automatic;
				DEVELOPMENT_TEAM = 847G697V87;
				INFOPLIST_FILE = ARStormTrooper/Info.plist;
				LD_RUNPATH_SEARCH_PATHS = "$(inherited) @executable_path/Frameworks";
				PRODUCT_BUNDLE_IDENTIFIER = com.fadc.ARTrooper;
				PRODUCT_NAME = "$(TARGET_NAME)";
				PROVISIONING_PROFILE_SPECIFIER = "";
				SWIFT_VERSION = 4.0;
				TARGETED_DEVICE_FAMILY = "1,2";
			};
			name = Debug;
		};
		1DE039031FDD4D83003A2FF7 /* Release */ = {
			isa = XCBuildConfiguration;
			buildSettings = {
				ASSETCATALOG_COMPILER_APPICON_NAME = AppIcon;
				"CODE_SIGN_IDENTITY[sdk=iphoneos*]" = "iPhone Developer";
				CODE_SIGN_STYLE = Automatic;
				DEVELOPMENT_TEAM = 847G697V87;
				INFOPLIST_FILE = ARStormTrooper/Info.plist;
				LD_RUNPATH_SEARCH_PATHS = "$(inherited) @executable_path/Frameworks";
				PRODUCT_BUNDLE_IDENTIFIER = com.fadc.ARTrooper;
				PRODUCT_NAME = "$(TARGET_NAME)";
				PROVISIONING_PROFILE_SPECIFIER = "";
				SWIFT_VERSION = 4.0;
				TARGETED_DEVICE_FAMILY = "1,2";
			};
			name = Release;
		};
/* End XCBuildConfiguration section */

/* Begin XCConfigurationList section */
		1DE038E81FDD4D83003A2FF7 /* Build configuration list for PBXProject "ARtrooper" */ = {
			isa = XCConfigurationList;
			buildConfigurations = (
				1DE038FF1FDD4D83003A2FF7 /* Debug */,
				1DE039001FDD4D83003A2FF7 /* Release */,
			);
			defaultConfigurationIsVisible = 0;
			defaultConfigurationName = Release;
		};
		1DE039011FDD4D83003A2FF7 /* Build configuration list for PBXNativeTarget "ARtrooper" */ = {
			isa = XCConfigurationList;
			buildConfigurations = (
				1DE039021FDD4D83003A2FF7 /* Debug */,
				1DE039031FDD4D83003A2FF7 /* Release */,
			);
			defaultConfigurationIsVisible = 0;
			defaultConfigurationName = Release;
		};
/* End XCConfigurationList section */
	};
	rootObject = 1DE038E51FDD4D83003A2FF7 /* Project object */;
}
